
Microsoft Visual Studio Solution File, Format Version 12.00
# Visual Studio Version 16
VisualStudioVersion = 16.0.32002.261
MinimumVisualStudioVersion = 10.0.40219.1
Project("{FAE04EC0-301F-11D3-BF4B-00C04F79EFBC}") = "Rebelle Brush Info", "Rebelle Brush Info\Rebelle Brush Info.csproj", "{385A2F45-4D56-4F29-8E7A-84BD6729C900}"
EndProject
Project("{2150E333-8FDC-42A3-9474-1A3956D46DE8}") = "Solution Items", "Solution Items", "{C9CE44FE-2096-428C-A05A-209B39103B42}"
	ProjectSection(SolutionItems) = preProject
		README.md = README.md
	EndProjectSection
EndProject
Global
	GlobalSection(SolutionConfigurationPlatforms) = preSolution
		Debug|Any CPU = Debug|Any CPU
		Release|Any CPU = Release|Any CPU
	EndGlobalSection
	GlobalSection(ProjectConfigurationPlatforms) = postSolution
		{385A2F45-4D56-4F29-8E7A-84BD6729C900}.Debug|Any CPU.ActiveCfg = Debug|Any CPU
		{385A2F45-4D56-4F29-8E7A-84BD6729C900}.Debug|Any CPU.Build.0 = Debug|Any CPU
		{385A2F45-4D56-4F29-8E7A-84BD6729C900}.Release|Any CPU.ActiveCfg = Release|Any CPU
		{385A2F45-4D56-4F29-8E7A-84BD6729C900}.Release|Any CPU.Build.0 = Release|Any CPU
	EndGlobalSection
	GlobalSection(SolutionProperties) = preSolution
		HideSolutionNode = FALSE
	EndGlobalSection
	GlobalSection(ExtensibilityGlobals) = postSolution
		SolutionGuid = {4961A87A-848A-4FB1-A52A-F4A23323E8D4}
	EndGlobalSection
EndGlobal
